{
    "_meta": {
        "hash": {
            "sha256": "3bea0cc4172ed9a3642a128c45c4e411a6fcf65b1b4f113c7f40ec69227f5574"
        },
        "pipfile-spec": 6,
        "requires": {
            "python_version": "3.8"
        },
        "sources": [
            {
                "name": "pypi",
                "url": "https://pypi.org/simple",
                "verify_ssl": true
            }
        ]
    },
    "default": {
        "pypdf2": {
            "hashes": [
                "sha256:a74408f69ba6271f71b9352ef4ed03dc53a31aa404d29b5d31f53bfecfee1440",
                "sha256:d16e4205cfee272fbdc0568b68d82be796540b1537508cef59388f839c191928"
            ],
            "index": "pypi",
            "version": "==3.0.1"
        },
        "typing-extensions": {
            "hashes": [
                "sha256:8f92fc8806f9a6b641eaa5318da32b44d401efaac0f6678c9bc448ba3605faa0",
                "sha256:df8e4339e9cb77357558cbdbceca33c303714cf861d1eef15e1070055ae8b7ef"
            ],
            "markers": "python_version < '3.10'",
            "version": "==4.8.0"
        }
    },
    "develop": {}
}
